
Microsoft Visual Studio Solution File, Format Version 12.00
# Visual Studio Version 17
VisualStudioVersion = 17.7.34031.279
MinimumVisualStudioVersion = 10.0.40219.1
Project("{FAE04EC0-301F-11D3-BF4B-00C04F79EFBC}") = "API", "API\API.csproj", "{B440BB06-20A6-4F47-B239-3E81953200CF}"
EndProject
Project("{FAE04EC0-301F-11D3-BF4B-00C04F79EFBC}") = "Capa DAL", "Capa DAL\Capa DAL.csproj", "{5D96A23A-066E-4076-85A8-299770F3DAC9}"
EndProject
Project("{FAE04EC0-301F-11D3-BF4B-00C04F79EFBC}") = "Capa Entidades", "Capa Entidades\Capa Entidades.csproj", "{66872066-0B1C-4796-89AD-C8A4634E4084}"
EndProject
Global
	GlobalSection(SolutionConfigurationPlatforms) = preSolution
		Debug|Any CPU = Debug|Any CPU
		Release|Any CPU = Release|Any CPU
	EndGlobalSection
	GlobalSection(ProjectConfigurationPlatforms) = postSolution
		{B440BB06-20A6-4F47-B239-3E81953200CF}.Debug|Any CPU.ActiveCfg = Debug|Any CPU
		{B440BB06-20A6-4F47-B239-3E81953200CF}.Debug|Any CPU.Build.0 = Debug|Any CPU
		{B440BB06-20A6-4F47-B239-3E81953200CF}.Release|Any CPU.ActiveCfg = Release|Any CPU
		{B440BB06-20A6-4F47-B239-3E81953200CF}.Release|Any CPU.Build.0 = Release|Any CPU
		{5D96A23A-066E-4076-85A8-299770F3DAC9}.Debug|Any CPU.ActiveCfg = Debug|Any CPU
		{5D96A23A-066E-4076-85A8-299770F3DAC9}.Debug|Any CPU.Build.0 = Debug|Any CPU
		{5D96A23A-066E-4076-85A8-299770F3DAC9}.Release|Any CPU.ActiveCfg = Release|Any CPU
		{5D96A23A-066E-4076-85A8-299770F3DAC9}.Release|Any CPU.Build.0 = Release|Any CPU
		{66872066-0B1C-4796-89AD-C8A4634E4084}.Debug|Any CPU.ActiveCfg = Debug|Any CPU
		{66872066-0B1C-4796-89AD-C8A4634E4084}.Debug|Any CPU.Build.0 = Debug|Any CPU
		{66872066-0B1C-4796-89AD-C8A4634E4084}.Release|Any CPU.ActiveCfg = Release|Any CPU
		{66872066-0B1C-4796-89AD-C8A4634E4084}.Release|Any CPU.Build.0 = Release|Any CPU
	EndGlobalSection
	GlobalSection(SolutionProperties) = preSolution
		HideSolutionNode = FALSE
	EndGlobalSection
	GlobalSection(ExtensibilityGlobals) = postSolution
		SolutionGuid = {6B502D56-AAAC-44E1-A911-A41D7E284BED}
	EndGlobalSection
EndGlobal
